
Microsoft Visual Studio Solution File, Format Version 12.00
# Visual Studio Version 17
VisualStudioVersion = 17.8.35326.199
MinimumVisualStudioVersion = 10.0.40219.1
Project("{FAE04EC0-301F-11D3-BF4B-00C04F79EFBC}") = "WpfAppDemo", "WpfAppDemo.csproj", "{8BF0C278-A216-4772-B68D-5DB767B10C6A}"
EndProject
Global
	GlobalSection(SolutionConfigurationPlatforms) = preSolution
		Debug|Any CPU = Debug|Any CPU
		Release|Any CPU = Release|Any CPU
	EndGlobalSection
	GlobalSection(ProjectConfigurationPlatforms) = postSolution
		{8BF0C278-A216-4772-B68D-5DB767B10C6A}.Debug|Any CPU.ActiveCfg = Debug|Any CPU
		{8BF0C278-A216-4772-B68D-5DB767B10C6A}.Debug|Any CPU.Build.0 = Debug|Any CPU
		{8BF0C278-A216-4772-B68D-5DB767B10C6A}.Release|Any CPU.ActiveCfg = Release|Any CPU
		{8BF0C278-A216-4772-B68D-5DB767B10C6A}.Release|Any CPU.Build.0 = Release|Any CPU
	EndGlobalSection
	GlobalSection(SolutionProperties) = preSolution
		HideSolutionNode = FALSE
	EndGlobalSection
	GlobalSection(ExtensibilityGlobals) = postSolution
		SolutionGuid = {296F1CF8-2808-4421-BF40-A6CE7594B106}
	EndGlobalSection
EndGlobal
